
Microsoft Visual Studio Solution File, Format Version 12.00
# Visual Studio Version 16
VisualStudioVersion = 16.0.29306.81
MinimumVisualStudioVersion = 10.0.40219.1
Project("{FAE04EC0-301F-11D3-BF4B-00C04F79EFBC}") = "Trendlog", "Trendlog\Trendlog.csproj", "{D57A2D46-E54B-4DE3-84B3-6EDF3686112F}"
EndProject
Global
	GlobalSection(SolutionConfigurationPlatforms) = preSolution
		Debug|Any CPU = Debug|Any CPU
		Release|Any CPU = Release|Any CPU
	EndGlobalSection
	GlobalSection(ProjectConfigurationPlatforms) = postSolution
		{D57A2D46-E54B-4DE3-84B3-6EDF3686112F}.Debug|Any CPU.ActiveCfg = Debug|Any CPU
		{D57A2D46-E54B-4DE3-84B3-6EDF3686112F}.Debug|Any CPU.Build.0 = Debug|Any CPU
		{D57A2D46-E54B-4DE3-84B3-6EDF3686112F}.Release|Any CPU.ActiveCfg = Release|Any CPU
		{D57A2D46-E54B-4DE3-84B3-6EDF3686112F}.Release|Any CPU.Build.0 = Release|Any CPU
	EndGlobalSection
	GlobalSection(SolutionProperties) = preSolution
		HideSolutionNode = FALSE
	EndGlobalSection
	GlobalSection(ExtensibilityGlobals) = postSolution
		SolutionGuid = {8C0DE132-943A-4061-8CE3-5BE946981FF7}
	EndGlobalSection
EndGlobal
